
Microsoft Visual Studio Solution File, Format Version 12.00
# Visual Studio Version 17
VisualStudioVersion = 17.4.33122.133
MinimumVisualStudioVersion = 10.0.40219.1
Project("{FAE04EC0-301F-11D3-BF4B-00C04F79EFBC}") = "TugasFundamental_Allysa", "TugasFundamental_Allysa.csproj", "{E73742BE-C168-4144-BBE4-9B052681344C}"
EndProject
Global
	GlobalSection(SolutionConfigurationPlatforms) = preSolution
		Debug|Any CPU = Debug|Any CPU
		Release|Any CPU = Release|Any CPU
	EndGlobalSection
	GlobalSection(ProjectConfigurationPlatforms) = postSolution
		{E73742BE-C168-4144-BBE4-9B052681344C}.Debug|Any CPU.ActiveCfg = Debug|Any CPU
		{E73742BE-C168-4144-BBE4-9B052681344C}.Debug|Any CPU.Build.0 = Debug|Any CPU
		{E73742BE-C168-4144-BBE4-9B052681344C}.Release|Any CPU.ActiveCfg = Release|Any CPU
		{E73742BE-C168-4144-BBE4-9B052681344C}.Release|Any CPU.Build.0 = Release|Any CPU
	EndGlobalSection
	GlobalSection(SolutionProperties) = preSolution
		HideSolutionNode = FALSE
	EndGlobalSection
	GlobalSection(ExtensibilityGlobals) = postSolution
		SolutionGuid = {368111E7-68F5-440C-BE6A-16CCAA888A3E}
	EndGlobalSection
EndGlobal
